#MicroXplorer Configuration settings - do not modify
ADC1.Channel-0\#ChannelRegularConversion=ADC_CHANNEL_5
ADC1.ContinuousConvMode=ENABLE
ADC1.IPParameters=Rank-0\#ChannelRegularConversion,master,Channel-0\#ChannelRegularConversion,SamplingTime-0\#ChannelRegularConversion,OffsetNumber-0\#ChannelRegularConversion,NbrOfConversionFlag,ContinuousConvMode
ADC1.NbrOfConversionFlag=1
ADC1.OffsetNumber-0\#ChannelRegularConversion=ADC_OFFSET_NONE
ADC1.Rank-0\#ChannelRegularConversion=1
ADC1.SamplingTime-0\#ChannelRegularConversion=ADC_SAMPLETIME_2CYCLES_5
ADC1.master=1
File.Version=6
GPIO.groupedBy=
KeepUserPlacement=false
Mcu.Family=STM32L4
Mcu.IP0=ADC1
Mcu.IP1=CRC
Mcu.IP2=NVIC
Mcu.IP3=RCC
Mcu.IP4=SYS
Mcu.IP5=TIM1
Mcu.IP6=USART1
Mcu.IPNb=7
Mcu.Name=STM32L432K(B-C)Ux
Mcu.Package=UFQFPN32
Mcu.Pin0=PA0
Mcu.Pin1=PA9
Mcu.Pin2=PA10
Mcu.Pin3=VP_CRC_VS_CRC
Mcu.Pin4=VP_SYS_VS_Systick
Mcu.Pin5=VP_TIM1_VS_ClockSourceINT
Mcu.Pin6=VP_STMicroelectronics.X-CUBE-AI_VS_ArtificialOoIntelligenceJjXAaCUBEAaAI_5.0.0
Mcu.Pin7=VP_STMicroelectronics.X-CUBE-AI_VS_ArtificialOoIntelligenceJjApplication_5.0.0
Mcu.PinsNb=8
Mcu.ThirdParty0=STMicroelectronics.X-CUBE-AI.5.0.0
Mcu.ThirdPartyNb=1
Mcu.UserConstants=
Mcu.UserName=STM32L432KCUx
MxCube.Version=5.6.1
MxDb.Version=DB.5.0.60
NVIC.BusFault_IRQn=true\:0\:0\:false\:false\:true\:false\:false
NVIC.DebugMonitor_IRQn=true\:0\:0\:false\:false\:true\:false\:false
NVIC.ForceEnableDMAVector=true
NVIC.HardFault_IRQn=true\:0\:0\:false\:false\:true\:false\:false
NVIC.MemoryManagement_IRQn=true\:0\:0\:false\:false\:true\:false\:false
NVIC.NonMaskableInt_IRQn=true\:0\:0\:false\:false\:true\:false\:false
NVIC.PendSV_IRQn=true\:0\:0\:false\:false\:true\:false\:false
NVIC.PriorityGroup=NVIC_PRIORITYGROUP_4
NVIC.SVCall_IRQn=true\:0\:0\:false\:false\:true\:false\:false
NVIC.SysTick_IRQn=true\:0\:0\:false\:false\:true\:false\:true
NVIC.UsageFault_IRQn=true\:0\:0\:false\:false\:true\:false\:false
PA0.Signal=ADCx_IN5
PA10.Mode=Asynchronous
PA10.Signal=USART1_RX
PA9.Mode=Asynchronous
PA9.Signal=USART1_TX
PinOutPanel.RotationAngle=0
ProjectManager.AskForMigrate=true
ProjectManager.BackupPrevious=false
ProjectManager.CompilerOptimize=6
ProjectManager.ComputerToolchain=false
ProjectManager.CoupleFile=false
ProjectManager.CustomerFirmwarePackage=
ProjectManager.DefaultFWLocation=true
ProjectManager.DeletePrevious=true
ProjectManager.DeviceId=STM32L432KCUx
ProjectManager.FirmwarePackage=STM32Cube FW_L4 V1.15.1
ProjectManager.FreePins=false
ProjectManager.HalAssertFull=false
ProjectManager.HeapSize=0x2000
ProjectManager.KeepUserCode=true
ProjectManager.LastFirmware=true
ProjectManager.LibraryCopy=1
ProjectManager.MainLocation=Src
ProjectManager.NoMain=false
ProjectManager.PreviousToolchain=
ProjectManager.ProjectBuild=false
ProjectManager.ProjectFileName=ai.ioc
ProjectManager.ProjectName=ai
ProjectManager.StackSize=0x4000
ProjectManager.TargetToolchain=MDK-ARM V5.27
ProjectManager.ToolChainLocation=
ProjectManager.UnderRoot=false
ProjectManager.functionlistsort=1-MX_GPIO_Init-GPIO-false-HAL-true,2-SystemClock_Config-RCC-false-HAL-false,3-MX_ADC1_Init-ADC1-false-HAL-true,4-MX_CRC_Init-CRC-false-HAL-true,5-MX_TIM1_Init-TIM1-false-HAL-true,6-MX_USART1_UART_Init-USART1-false-HAL-true,7-MX_X_CUBE_AI_Init-STMicroelectronics.X-CUBE-AI.5.0.0-false-HAL-false,8-MX_X_CUBE_AI_Process-STMicroelectronics.X-CUBE-AI.5.0.0-false-HAL-false
RCC.ADCFreq_Value=32000000
RCC.AHBFreq_Value=8000000
RCC.APB1Freq_Value=8000000
RCC.APB1TimFreq_Value=8000000
RCC.APB2Freq_Value=8000000
RCC.APB2TimFreq_Value=8000000
RCC.CortexFreq_Value=8000000
RCC.FCLKCortexFreq_Value=8000000
RCC.FamilyName=M
RCC.HCLKFreq_Value=8000000
RCC.HSE_VALUE=8000000
RCC.HSI48_VALUE=48000000
RCC.HSI_VALUE=16000000
RCC.I2C1Freq_Value=8000000
RCC.I2C3Freq_Value=8000000
RCC.IPParameters=ADCFreq_Value,AHBFreq_Value,APB1Freq_Value,APB1TimFreq_Value,APB2Freq_Value,APB2TimFreq_Value,CortexFreq_Value,FCLKCortexFreq_Value,FamilyName,HCLKFreq_Value,HSE_VALUE,HSI48_VALUE,HSI_VALUE,I2C1Freq_Value,I2C3Freq_Value,LPTIM1Freq_Value,LPTIM2Freq_Value,LPUART1Freq_Value,LSCOPinFreq_Value,LSE_VALUE,LSI_VALUE,MCO1PinFreq_Value,MSIClockRange,MSI_VALUE,PLLPoutputFreq_Value,PLLQoutputFreq_Value,PLLRCLKFreq_Value,PLLSAI1PoutputFreq_Value,PLLSAI1QoutputFreq_Value,PLLSAI1RoutputFreq_Value,PWRFreq_Value,RNGFreq_Value,SAI1Freq_Value,SWPMI1Freq_Value,SYSCLKFreq_VALUE,USART1Freq_Value,USART2Freq_Value,USBFreq_Value,VCOInputFreq_Value,VCOOutputFreq_Value,VCOSAI1OutputFreq_Value
RCC.LPTIM1Freq_Value=8000000
RCC.LPTIM2Freq_Value=8000000
RCC.LPUART1Freq_Value=8000000
RCC.LSCOPinFreq_Value=32000
RCC.LSE_VALUE=32768
RCC.LSI_VALUE=32000
RCC.MCO1PinFreq_Value=8000000
RCC.MSIClockRange=RCC_MSIRANGE_7
RCC.MSI_VALUE=8000000
RCC.PLLPoutputFreq_Value=9142857.142857144
RCC.PLLQoutputFreq_Value=32000000
RCC.PLLRCLKFreq_Value=32000000
RCC.PLLSAI1PoutputFreq_Value=9142857.142857144
RCC.PLLSAI1QoutputFreq_Value=32000000
RCC.PLLSAI1RoutputFreq_Value=32000000
RCC.PWRFreq_Value=8000000
RCC.RNGFreq_Value=32000000
RCC.SAI1Freq_Value=9142857.142857144
RCC.SWPMI1Freq_Value=8000000
RCC.SYSCLKFreq_VALUE=8000000
RCC.USART1Freq_Value=8000000
RCC.USART2Freq_Value=8000000
RCC.USBFreq_Value=32000000
RCC.VCOInputFreq_Value=8000000
RCC.VCOOutputFreq_Value=64000000
RCC.VCOSAI1OutputFreq_Value=64000000
SH.ADCx_IN5.0=ADC1_IN5,IN5-Single-Ended
SH.ADCx_IN5.ConfNb=1
STMicroelectronics.X-CUBE-AI.5.0.0.ActivationBufferSizeList=400
STMicroelectronics.X-CUBE-AI.5.0.0.ApplicationCcArtificialOoIntelligenceJjApplication=ApplicationTemplate
STMicroelectronics.X-CUBE-AI.5.0.0.ArtificialOoIntelligenceJjApplication_Checked=true
STMicroelectronics.X-CUBE-AI.5.0.0.ArtificialOoIntelligenceJjXAaCUBEAaAI_Checked=true
STMicroelectronics.X-CUBE-AI.5.0.0.HeapSize=0x2000
STMicroelectronics.X-CUBE-AI.5.0.0.IPParameters=XAaCUBEAaAICcArtificialOoIntelligenceJjCore,ApplicationCcArtificialOoIntelligenceJjApplication,HeapSize,StackSize,InternalRamActivationBufferMaxSize,ActivationBufferSizeList,MaximumNumberOfInputLayer,MaximumNumberOfOutputLayer,MaximumSizeOfInputLayer,MaximumSizeOfOutputLayer,ModelName-d3a59a0a51c23c8c7a7c3687464f654e9c9f9513bd5a042f653194bf225a79ad,ModelHashList,ModelNameList,WorkingBufferStartAddrList,ModelType-d3a59a0a51c23c8c7a7c3687464f654e9c9f9513bd5a042f653194bf225a79ad,ModelKind-d3a59a0a51c23c8c7a7c3687464f654e9c9f9513bd5a042f653194bf225a79ad,LatestDirectoryUsed-d3a59a0a51c23c8c7a7c3687464f654e9c9f9513bd5a042f653194bf225a79ad,ModelStructureFile-d3a59a0a51c23c8c7a7c3687464f654e9c9f9513bd5a042f653194bf225a79ad,ModelCompression-d3a59a0a51c23c8c7a7c3687464f654e9c9f9513bd5a042f653194bf225a79ad,ModelFlashOccupation-d3a59a0a51c23c8c7a7c3687464f654e9c9f9513bd5a042f653194bf225a79ad,ModelRamOccupation-d3a59a0a51c23c8c7a7c3687464f654e9c9f9513bd5a042f653194bf225a79ad,ModelMacc-d3a59a0a51c23c8c7a7c3687464f654e9c9f9513bd5a042f653194bf225a79ad,ModelActualCompression-d3a59a0a51c23c8c7a7c3687464f654e9c9f9513bd5a042f653194bf225a79ad,NNModelInformation_AchievedCompression-d3a59a0a51c23c8c7a7c3687464f654e9c9f9513bd5a042f653194bf225a79ad,NNModelInformation_CompressionFactor-d3a59a0a51c23c8c7a7c3687464f654e9c9f9513bd5a042f653194bf225a79ad,NNModelInformation_EvaluationStatus-d3a59a0a51c23c8c7a7c3687464f654e9c9f9513bd5a042f653194bf225a79ad,NNModelInformation_HeapSizeNeeded-d3a59a0a51c23c8c7a7c3687464f654e9c9f9513bd5a042f653194bf225a79ad,NNModelInformation_ModelInSizeByName-d3a59a0a51c23c8c7a7c3687464f654e9c9f9513bd5a042f653194bf225a79ad,NNModelInformation_ModelMacc-d3a59a0a51c23c8c7a7c3687464f654e9c9f9513bd5a042f653194bf225a79ad,NNModelInformation_ModelName-d3a59a0a51c23c8c7a7c3687464f654e9c9f9513bd5a042f653194bf225a79ad,NNModelInformation_ModelOutSizeByName-d3a59a0a51c23c8c7a7c3687464f654e9c9f9513bd5a042f653194bf225a79ad,NNModelInformation_ModelRam-d3a59a0a51c23c8c7a7c3687464f654e9c9f9513bd5a042f653194bf225a79ad,NNModelInformation_ModelRom-d3a59a0a51c23c8c7a7c3687464f654e9c9f9513bd5a042f653194bf225a79ad,NNModelInformation_ModelSize-d3a59a0a51c23c8c7a7c3687464f654e9c9f9513bd5a042f653194bf225a79ad,NNModelInformation_NbOfParameters-d3a59a0a51c23c8c7a7c3687464f654e9c9f9513bd5a042f653194bf225a79ad
STMicroelectronics.X-CUBE-AI.5.0.0.InternalRamActivationBufferMaxSize=AI_ECG_NETWORK_DATA_ACTIVATIONS_SIZE
STMicroelectronics.X-CUBE-AI.5.0.0.LatestDirectoryUsed-d3a59a0a51c23c8c7a7c3687464f654e9c9f9513bd5a042f653194bf225a79ad=C\:\\Users\\shalan\\Desktop\\Embedded\\Proj2
STMicroelectronics.X-CUBE-AI.5.0.0.MaximumNumberOfInputLayer=1
STMicroelectronics.X-CUBE-AI.5.0.0.MaximumNumberOfOutputLayer=1
STMicroelectronics.X-CUBE-AI.5.0.0.MaximumSizeOfInputLayer=748
STMicroelectronics.X-CUBE-AI.5.0.0.MaximumSizeOfOutputLayer=20
STMicroelectronics.X-CUBE-AI.5.0.0.ModelActualCompression-d3a59a0a51c23c8c7a7c3687464f654e9c9f9513bd5a042f653194bf225a79ad=0.0
STMicroelectronics.X-CUBE-AI.5.0.0.ModelCompression-d3a59a0a51c23c8c7a7c3687464f654e9c9f9513bd5a042f653194bf225a79ad=4
STMicroelectronics.X-CUBE-AI.5.0.0.ModelFlashOccupation-d3a59a0a51c23c8c7a7c3687464f654e9c9f9513bd5a042f653194bf225a79ad=15320
STMicroelectronics.X-CUBE-AI.5.0.0.ModelHashList=d3a59a0a51c23c8c7a7c3687464f654e9c9f9513bd5a042f653194bf225a79ad
STMicroelectronics.X-CUBE-AI.5.0.0.ModelKind-d3a59a0a51c23c8c7a7c3687464f654e9c9f9513bd5a042f653194bf225a79ad=KERAS
STMicroelectronics.X-CUBE-AI.5.0.0.ModelMacc-d3a59a0a51c23c8c7a7c3687464f654e9c9f9513bd5a042f653194bf225a79ad=12275
STMicroelectronics.X-CUBE-AI.5.0.0.ModelName-d3a59a0a51c23c8c7a7c3687464f654e9c9f9513bd5a042f653194bf225a79ad=ecg_network
STMicroelectronics.X-CUBE-AI.5.0.0.ModelNameList=ecg_network
STMicroelectronics.X-CUBE-AI.5.0.0.ModelRamOccupation-d3a59a0a51c23c8c7a7c3687464f654e9c9f9513bd5a042f653194bf225a79ad=400
STMicroelectronics.X-CUBE-AI.5.0.0.ModelStructureFile-d3a59a0a51c23c8c7a7c3687464f654e9c9f9513bd5a042f653194bf225a79ad=C\:\\Users\\shalan\\Desktop\\Embedded\\Proj2\\my_model.h5
STMicroelectronics.X-CUBE-AI.5.0.0.ModelType-d3a59a0a51c23c8c7a7c3687464f654e9c9f9513bd5a042f653194bf225a79ad=Saved model
STMicroelectronics.X-CUBE-AI.5.0.0.NNModelInformation_AchievedCompression-d3a59a0a51c23c8c7a7c3687464f654e9c9f9513bd5a042f653194bf225a79ad=0.0
STMicroelectronics.X-CUBE-AI.5.0.0.NNModelInformation_CompressionFactor-d3a59a0a51c23c8c7a7c3687464f654e9c9f9513bd5a042f653194bf225a79ad=-0.6861941827120033
STMicroelectronics.X-CUBE-AI.5.0.0.NNModelInformation_EvaluationStatus-d3a59a0a51c23c8c7a7c3687464f654e9c9f9513bd5a042f653194bf225a79ad=X-cross \#1\: acc\=100.0%,rmse\=0.000132,mae\=0.000033;L2r status\: l2r\=2.95907725e-04,status\=PASSED;
STMicroelectronics.X-CUBE-AI.5.0.0.NNModelInformation_HeapSizeNeeded-d3a59a0a51c23c8c7a7c3687464f654e9c9f9513bd5a042f653194bf225a79ad=2048
STMicroelectronics.X-CUBE-AI.5.0.0.NNModelInformation_ModelInSizeByName-d3a59a0a51c23c8c7a7c3687464f654e9c9f9513bd5a042f653194bf225a79ad={input_0\=748}
STMicroelectronics.X-CUBE-AI.5.0.0.NNModelInformation_ModelMacc-d3a59a0a51c23c8c7a7c3687464f654e9c9f9513bd5a042f653194bf225a79ad=12275
STMicroelectronics.X-CUBE-AI.5.0.0.NNModelInformation_ModelName-d3a59a0a51c23c8c7a7c3687464f654e9c9f9513bd5a042f653194bf225a79ad=ecg_network
STMicroelectronics.X-CUBE-AI.5.0.0.NNModelInformation_ModelOutSizeByName-d3a59a0a51c23c8c7a7c3687464f654e9c9f9513bd5a042f653194bf225a79ad={dense_3_nl\=20}
STMicroelectronics.X-CUBE-AI.5.0.0.NNModelInformation_ModelRam-d3a59a0a51c23c8c7a7c3687464f654e9c9f9513bd5a042f653194bf225a79ad=400
STMicroelectronics.X-CUBE-AI.5.0.0.NNModelInformation_ModelRom-d3a59a0a51c23c8c7a7c3687464f654e9c9f9513bd5a042f653194bf225a79ad=15320
STMicroelectronics.X-CUBE-AI.5.0.0.NNModelInformation_ModelSize-d3a59a0a51c23c8c7a7c3687464f654e9c9f9513bd5a042f653194bf225a79ad=48820
STMicroelectronics.X-CUBE-AI.5.0.0.NNModelInformation_NbOfParameters-d3a59a0a51c23c8c7a7c3687464f654e9c9f9513bd5a042f653194bf225a79ad=12205
STMicroelectronics.X-CUBE-AI.5.0.0.StackSize=0x4000
STMicroelectronics.X-CUBE-AI.5.0.0.WorkingBufferStartAddrList=0xFFFFFFFF
STMicroelectronics.X-CUBE-AI.5.0.0.XAaCUBEAaAICcArtificialOoIntelligenceJjCore=true
STMicroelectronics.X-CUBE-AI.5.0.0_SwParameter=XAaCUBEAaAICcArtificialOoIntelligenceJjCore\:true;ApplicationCcArtificialOoIntelligenceJjApplication\:ApplicationTemplate;
TIM1.IPParameters=Prescaler,Period
TIM1.Period=49999
TIM1.Prescaler=7
USART1.IPParameters=VirtualMode-Asynchronous
USART1.VirtualMode-Asynchronous=VM_ASYNC
VP_CRC_VS_CRC.Mode=CRC_Activate
VP_CRC_VS_CRC.Signal=CRC_VS_CRC
VP_STMicroelectronics.X-CUBE-AI_VS_ArtificialOoIntelligenceJjApplication_5.0.0.Mode=ArtificialOoIntelligenceJjApplication
VP_STMicroelectronics.X-CUBE-AI_VS_ArtificialOoIntelligenceJjApplication_5.0.0.Signal=STMicroelectronics.X-CUBE-AI_VS_ArtificialOoIntelligenceJjApplication_5.0.0
VP_STMicroelectronics.X-CUBE-AI_VS_ArtificialOoIntelligenceJjXAaCUBEAaAI_5.0.0.Mode=ArtificialOoIntelligenceJjXAaCUBEAaAI
VP_STMicroelectronics.X-CUBE-AI_VS_ArtificialOoIntelligenceJjXAaCUBEAaAI_5.0.0.Signal=STMicroelectronics.X-CUBE-AI_VS_ArtificialOoIntelligenceJjXAaCUBEAaAI_5.0.0
VP_SYS_VS_Systick.Mode=SysTick
VP_SYS_VS_Systick.Signal=SYS_VS_Systick
VP_TIM1_VS_ClockSourceINT.Mode=Internal
VP_TIM1_VS_ClockSourceINT.Signal=TIM1_VS_ClockSourceINT
board=custom
